// !$*UTF8*$!
{
	archiveVersion = 1;
	classes = {
	};
	objectVersion = 55;
	objects = {

/* Begin PBXBuildFile section */
		9529063B2701F6310039246C /* AppDelegate.swift in Sources */ = {isa = PBXBuildFile; fileRef = 9529063A2701F6310039246C /* AppDelegate.swift */; };
		9529063D2701F6310039246C /* SceneDelegate.swift in Sources */ = {isa = PBXBuildFile; fileRef = 9529063C2701F6310039246C /* SceneDelegate.swift */; };
		9529063F2701F6310039246C /* MeinViewController.swift in Sources */ = {isa = PBXBuildFile; fileRef = 9529063E2701F6310039246C /* MeinViewController.swift */; };
		952906422701F6310039246C /* Main.storyboard in Resources */ = {isa = PBXBuildFile; fileRef = 952906402701F6310039246C /* Main.storyboard */; };
		952906442701F6360039246C /* Assets.xcassets in Resources */ = {isa = PBXBuildFile; fileRef = 952906432701F6360039246C /* Assets.xcassets */; };
		952906472701F6360039246C /* LaunchScreen.storyboard in Resources */ = {isa = PBXBuildFile; fileRef = 952906452701F6360039246C /* LaunchScreen.storyboard */; };
		9529064F2701FC480039246C /* ModuleBulder.swift in Sources */ = {isa = PBXBuildFile; fileRef = 9529064E2701FC470039246C /* ModuleBulder.swift */; };
		952906542701FE770039246C /* Person.swift in Sources */ = {isa = PBXBuildFile; fileRef = 952906532701FE770039246C /* Person.swift */; };
		952906572701FEBA0039246C /* MainPresentor.swift in Sources */ = {isa = PBXBuildFile; fileRef = 952906562701FEBA0039246C /* MainPresentor.swift */; };
		952906592703803A0039246C /* MeinViewController.xib in Resources */ = {isa = PBXBuildFile; fileRef = 952906582703803A0039246C /* MeinViewController.xib */; };
/* End PBXBuildFile section */

/* Begin PBXFileReference section */
		952906372701F6310039246C /* MVPproject.app */ = {isa = PBXFileReference; explicitFileType = wrapper.application; includeInIndex = 0; path = MVPproject.app; sourceTree = BUILT_PRODUCTS_DIR; };
		9529063A2701F6310039246C /* AppDelegate.swift */ = {isa = PBXFileReference; lastKnownFileType = sourcecode.swift; path = AppDelegate.swift; sourceTree = "<group>"; };
		9529063C2701F6310039246C /* SceneDelegate.swift */ = {isa = PBXFileReference; lastKnownFileType = sourcecode.swift; path = SceneDelegate.swift; sourceTree = "<group>"; };
		9529063E2701F6310039246C /* MeinViewController.swift */ = {isa = PBXFileReference; lastKnownFileType = sourcecode.swift; path = MeinViewController.swift; sourceTree = "<group>"; };
		952906412701F6310039246C /* Base */ = {isa = PBXFileReference; lastKnownFileType = file.storyboard; name = Base; path = Base.lproj/Main.storyboard; sourceTree = "<group>"; };
		952906432701F6360039246C /* Assets.xcassets */ = {isa = PBXFileReference; lastKnownFileType = folder.assetcatalog; path = Assets.xcassets; sourceTree = "<group>"; };
		952906462701F6360039246C /* Base */ = {isa = PBXFileReference; lastKnownFileType = file.storyboard; name = Base; path = Base.lproj/LaunchScreen.storyboard; sourceTree = "<group>"; };
		952906482701F6360039246C /* Info.plist */ = {isa = PBXFileReference; lastKnownFileType = text.plist.xml; path = Info.plist; sourceTree = "<group>"; };
		9529064E2701FC470039246C /* ModuleBulder.swift */ = {isa = PBXFileReference; lastKnownFileType = sourcecode.swift; path = ModuleBulder.swift; sourceTree = "<group>"; };
		952906532701FE770039246C /* Person.swift */ = {isa = PBXFileReference; lastKnownFileType = sourcecode.swift; path = Person.swift; sourceTree = "<group>"; };
		952906562701FEBA0039246C /* MainPresentor.swift */ = {isa = PBXFileReference; lastKnownFileType = sourcecode.swift; path = MainPresentor.swift; sourceTree = "<group>"; };
		952906582703803A0039246C /* MeinViewController.xib */ = {isa = PBXFileReference; lastKnownFileType = file.xib; path = MeinViewController.xib; sourceTree = "<group>"; };
/* End PBXFileReference section */

/* Begin PBXFrameworksBuildPhase section */
		952906342701F6310039246C /* Frameworks */ = {
			isa = PBXFrameworksBuildPhase;
			buildActionMask = 2147483647;
			files = (
			);
			runOnlyForDeploymentPostprocessing = 0;
		};
/* End PBXFrameworksBuildPhase section */

/* Begin PBXGroup section */
		9529062E2701F6310039246C = {
			isa = PBXGroup;
			children = (
				952906392701F6310039246C /* MVPproject */,
				952906382701F6310039246C /* Products */,
			);
			sourceTree = "<group>";
		};
		952906382701F6310039246C /* Products */ = {
			isa = PBXGroup;
			children = (
				952906372701F6310039246C /* MVPproject.app */,
			);
			name = Products;
			sourceTree = "<group>";
		};
		952906392701F6310039246C /* MVPproject */ = {
			isa = PBXGroup;
			children = (
				9529063A2701F6310039246C /* AppDelegate.swift */,
				9529063C2701F6310039246C /* SceneDelegate.swift */,
				9529064E2701FC470039246C /* ModuleBulder.swift */,
				952906502701FD9E0039246C /* MainModule */,
				952906402701F6310039246C /* Main.storyboard */,
				952906432701F6360039246C /* Assets.xcassets */,
				952906452701F6360039246C /* LaunchScreen.storyboard */,
				952906482701F6360039246C /* Info.plist */,
			);
			path = MVPproject;
			sourceTree = "<group>";
		};
		952906502701FD9E0039246C /* MainModule */ = {
			isa = PBXGroup;
			children = (
				952906512701FDD30039246C /* View */,
			);
			path = MainModule;
			sourceTree = "<group>";
		};
		952906512701FDD30039246C /* View */ = {
			isa = PBXGroup;
			children = (
				9529063E2701F6310039246C /* MeinViewController.swift */,
				952906582703803A0039246C /* MeinViewController.xib */,
				952906522701FE570039246C /* Model */,
			);
			path = View;
			sourceTree = "<group>";
		};
		952906522701FE570039246C /* Model */ = {
			isa = PBXGroup;
			children = (
				952906532701FE770039246C /* Person.swift */,
				952906552701FE7E0039246C /* Presentor */,
			);
			path = Model;
			sourceTree = "<group>";
		};
		952906552701FE7E0039246C /* Presentor */ = {
			isa = PBXGroup;
			children = (
				952906562701FEBA0039246C /* MainPresentor.swift */,
			);
			path = Presentor;
			sourceTree = "<group>";
		};
/* End PBXGroup section */

/* Begin PBXNativeTarget section */
		952906362701F6310039246C /* MVPproject */ = {
			isa = PBXNativeTarget;
			buildConfigurationList = 9529064B2701F6360039246C /* Build configuration list for PBXNativeTarget "MVPproject" */;
			buildPhases = (
				952906332701F6310039246C /* Sources */,
				952906342701F6310039246C /* Frameworks */,
				952906352701F6310039246C /* Resources */,
			);
			buildRules = (
			);
			dependencies = (
			);
			name = MVPproject;
			productName = MVPproject;
			productReference = 952906372701F6310039246C /* MVPproject.app */;
			productType = "com.apple.product-type.application";
		};
/* End PBXNativeTarget section */

/* Begin PBXProject section */
		9529062F2701F6310039246C /* Project object */ = {
			isa = PBXProject;
			attributes = {
				BuildIndependentTargetsInParallel = 1;
				LastSwiftUpdateCheck = 1300;
				LastUpgradeCheck = 1300;
				TargetAttributes = {
					952906362701F6310039246C = {
						CreatedOnToolsVersion = 13.0;
					};
				};
			};
			buildConfigurationList = 952906322701F6310039246C /* Build configuration list for PBXProject "MVPproject" */;
			compatibilityVersion = "Xcode 13.0";
			developmentRegion = en;
			hasScannedForEncodings = 0;
			knownRegions = (
				en,
				Base,
			);
			mainGroup = 9529062E2701F6310039246C;
			productRefGroup = 952906382701F6310039246C /* Products */;
			projectDirPath = "";
			projectRoot = "";
			targets = (
				952906362701F6310039246C /* MVPproject */,
			);
		};
/* End PBXProject section */

/* Begin PBXResourcesBuildPhase section */
		952906352701F6310039246C /* Resources */ = {
			isa = PBXResourcesBuildPhase;
			buildActionMask = 2147483647;
			files = (
				952906472701F6360039246C /* LaunchScreen.storyboard in Resources */,
				952906442701F6360039246C /* Assets.xcassets in Resources */,
				952906422701F6310039246C /* Main.storyboard in Resources */,
				952906592703803A0039246C /* MeinViewController.xib in Resources */,
			);
			runOnlyForDeploymentPostprocessing = 0;
		};
/* End PBXResourcesBuildPhase section */

/* Begin PBXSourcesBuildPhase section */
		952906332701F6310039246C /* Sources */ = {
			isa = PBXSourcesBuildPhase;
			buildActionMask = 2147483647;
			files = (
				952906542701FE770039246C /* Person.swift in Sources */,
				9529063F2701F6310039246C /* MeinViewController.swift in Sources */,
				9529064F2701FC480039246C /* ModuleBulder.swift in Sources */,
				9529063B2701F6310039246C /* AppDelegate.swift in Sources */,
				9529063D2701F6310039246C /* SceneDelegate.swift in Sources */,
				952906572701FEBA0039246C /* MainPresentor.swift in Sources */,
			);
			runOnlyForDeploymentPostprocessing = 0;
		};
/* End PBXSourcesBuildPhase section */

/* Begin PBXVariantGroup section */
		952906402701F6310039246C /* Main.storyboard */ = {
			isa = PBXVariantGroup;
			children = (
				952906412701F6310039246C /* Base */,
			);
			name = Main.storyboard;
			sourceTree = "<group>";
		};
		952906452701F6360039246C /* LaunchScreen.storyboard */ = {
			isa = PBXVariantGroup;
			children = (
				952906462701F6360039246C /* Base */,
			);
			name = LaunchScreen.storyboard;
			sourceTree = "<group>";
		};
/* End PBXVariantGroup section */

/* Begin XCBuildConfiguration section */
		952906492701F6360039246C /* Debug */ = {
			isa = XCBuildConfiguration;
			buildSettings = {
				ALWAYS_SEARCH_USER_PATHS = NO;
				CLANG_ANALYZER_NONNULL = YES;
				CLANG_ANALYZER_NUMBER_OBJECT_CONVERSION = YES_AGGRESSIVE;
				CLANG_CXX_LANGUAGE_STANDARD = "gnu++17";
				CLANG_CXX_LIBRARY = "libc++";
				CLANG_ENABLE_MODULES = YES;
				CLANG_ENABLE_OBJC_ARC = YES;
				CLANG_ENABLE_OBJC_WEAK = YES;
				CLANG_WARN_BLOCK_CAPTURE_AUTORELEASING = YES;
				CLANG_WARN_BOOL_CONVERSION = YES;
				CLANG_WARN_COMMA = YES;
				CLANG_WARN_CONSTANT_CONVERSION = YES;
				CLANG_WARN_DEPRECATED_OBJC_IMPLEMENTATIONS = YES;
				CLANG_WARN_DIRECT_OBJC_ISA_USAGE = YES_ERROR;
				CLANG_WARN_DOCUMENTATION_COMMENTS = YES;
				CLANG_WARN_EMPTY_BODY = YES;
				CLANG_WARN_ENUM_CONVERSION = YES;
				CLANG_WARN_INFINITE_RECURSION = YES;
				CLANG_WARN_INT_CONVERSION = YES;
				CLANG_WARN_NON_LITERAL_NULL_CONVERSION = YES;
				CLANG_WARN_OBJC_IMPLICIT_RETAIN_SELF = YES;
				CLANG_WARN_OBJC_LITERAL_CONVERSION = YES;
				CLANG_WARN_OBJC_ROOT_CLASS = YES_ERROR;
				CLANG_WARN_QUOTED_INCLUDE_IN_FRAMEWORK_HEADER = YES;
				CLANG_WARN_RANGE_LOOP_ANALYSIS = YES;
				CLANG_WARN_STRICT_PROTOTYPES = YES;
				CLANG_WARN_SUSPICIOUS_MOVE = YES;
				CLANG_WARN_UNGUARDED_AVAILABILITY = YES_AGGRESSIVE;
				CLANG_WARN_UNREACHABLE_CODE = YES;
				CLANG_WARN__DUPLICATE_METHOD_MATCH = YES;
				COPY_PHASE_STRIP = NO;
				DEBUG_INFORMATION_FORMAT = dwarf;
				ENABLE_STRICT_OBJC_MSGSEND = YES;
				ENABLE_TESTABILITY = YES;
				GCC_C_LANGUAGE_STANDARD = gnu11;
				GCC_DYNAMIC_NO_PIC = NO;
				GCC_NO_COMMON_BLOCKS = YES;
				GCC_OPTIMIZATION_LEVEL = 0;
				GCC_PREPROCESSOR_DEFINITIONS = (
					"DEBUG=1",
					"$(inherited)",
				);
				GCC_WARN_64_TO_32_BIT_CONVERSION = YES;
				GCC_WARN_ABOUT_RETURN_TYPE = YES_ERROR;
				GCC_WARN_UNDECLARED_SELECTOR = YES;
				GCC_WARN_UNINITIALIZED_AUTOS = YES_AGGRESSIVE;
				GCC_WARN_UNUSED_FUNCTION = YES;
				GCC_WARN_UNUSED_VARIABLE = YES;
				IPHONEOS_DEPLOYMENT_TARGET = 15.0;
				MTL_ENABLE_DEBUG_INFO = INCLUDE_SOURCE;
				MTL_FAST_MATH = YES;
				ONLY_ACTIVE_ARCH = YES;
				SDKROOT = iphoneos;
				SWIFT_ACTIVE_COMPILATION_CONDITIONS = DEBUG;
				SWIFT_OPTIMIZATION_LEVEL = "-Onone";
			};
			name = Debug;
		};
		9529064A2701F6360039246C /* Release */ = {
			isa = XCBuildConfiguration;
			buildSettings = {
				ALWAYS_SEARCH_USER_PATHS = NO;
				CLANG_ANALYZER_NONNULL = YES;
				CLANG_ANALYZER_NUMBER_OBJECT_CONVERSION = YES_AGGRESSIVE;
				CLANG_CXX_LANGUAGE_STANDARD = "gnu++17";
				CLANG_CXX_LIBRARY = "libc++";
				CLANG_ENABLE_MODULES = YES;
				CLANG_ENABLE_OBJC_ARC = YES;
				CLANG_ENABLE_OBJC_WEAK = YES;
				CLANG_WARN_BLOCK_CAPTURE_AUTORELEASING = YES;
				CLANG_WARN_BOOL_CONVERSION = YES;
				CLANG_WARN_COMMA = YES;
				CLANG_WARN_CONSTANT_CONVERSION = YES;
				CLANG_WARN_DEPRECATED_OBJC_IMPLEMENTATIONS = YES;
				CLANG_WARN_DIRECT_OBJC_ISA_USAGE = YES_ERROR;
				CLANG_WARN_DOCUMENTATION_COMMENTS = YES;
				CLANG_WARN_EMPTY_BODY = YES;
				CLANG_WARN_ENUM_CONVERSION = YES;
				CLANG_WARN_INFINITE_RECURSION = YES;
				CLANG_WARN_INT_CONVERSION = YES;
				CLANG_WARN_NON_LITERAL_NULL_CONVERSION = YES;
				CLANG_WARN_OBJC_IMPLICIT_RETAIN_SELF = YES;
				CLANG_WARN_OBJC_LITERAL_CONVERSION = YES;
				CLANG_WARN_OBJC_ROOT_CLASS = YES_ERROR;
				CLANG_WARN_QUOTED_INCLUDE_IN_FRAMEWORK_HEADER = YES;
				CLANG_WARN_RANGE_LOOP_ANALYSIS = YES;
				CLANG_WARN_STRICT_PROTOTYPES = YES;
				CLANG_WARN_SUSPICIOUS_MOVE = YES;
				CLANG_WARN_UNGUARDED_AVAILABILITY = YES_AGGRESSIVE;
				CLANG_WARN_UNREACHABLE_CODE = YES;
				CLANG_WARN__DUPLICATE_METHOD_MATCH = YES;
				COPY_PHASE_STRIP = NO;
				DEBUG_INFORMATION_FORMAT = "dwarf-with-dsym";
				ENABLE_NS_ASSERTIONS = NO;
				ENABLE_STRICT_OBJC_MSGSEND = YES;
				GCC_C_LANGUAGE_STANDARD = gnu11;
				GCC_NO_COMMON_BLOCKS = YES;
				GCC_WARN_64_TO_32_BIT_CONVERSION = YES;
				GCC_WARN_ABOUT_RETURN_TYPE = YES_ERROR;
				GCC_WARN_UNDECLARED_SELECTOR = YES;
				GCC_WARN_UNINITIALIZED_AUTOS = YES_AGGRESSIVE;
				GCC_WARN_UNUSED_FUNCTION = YES;
				GCC_WARN_UNUSED_VARIABLE = YES;
				IPHONEOS_DEPLOYMENT_TARGET = 15.0;
				MTL_ENABLE_DEBUG_INFO = NO;
				MTL_FAST_MATH = YES;
				SDKROOT = iphoneos;
				SWIFT_COMPILATION_MODE = wholemodule;
				SWIFT_OPTIMIZATION_LEVEL = "-O";
				VALIDATE_PRODUCT = YES;
			};
			name = Release;
		};
		9529064C2701F6360039246C /* Debug */ = {
			isa = XCBuildConfiguration;
			buildSettings = {
				ASSETCATALOG_COMPILER_APPICON_NAME = AppIcon;
				ASSETCATALOG_COMPILER_GLOBAL_ACCENT_COLOR_NAME = AccentColor;
				CODE_SIGN_STYLE = Automatic;
				CURRENT_PROJECT_VERSION = 1;
				DEVELOPMENT_TEAM = S6M9S4B5WH;
				GENERATE_INFOPLIST_FILE = YES;
				INFOPLIST_FILE = MVPproject/Info.plist;
				INFOPLIST_KEY_UIApplicationSupportsIndirectInputEvents = YES;
				INFOPLIST_KEY_UILaunchStoryboardName = LaunchScreen;
				INFOPLIST_KEY_UIMainStoryboardFile = Main;
				INFOPLIST_KEY_UISupportedInterfaceOrientations_iPad = "UIInterfaceOrientationPortrait UIInterfaceOrientationPortraitUpsideDown UIInterfaceOrientationLandscapeLeft UIInterfaceOrientationLandscapeRight";
				INFOPLIST_KEY_UISupportedInterfaceOrientations_iPhone = "UIInterfaceOrientationPortrait UIInterfaceOrientationLandscapeLeft UIInterfaceOrientationLandscapeRight";
				LD_RUNPATH_SEARCH_PATHS = (
					"$(inherited)",
					"@executable_path/Frameworks",
				);
				MARKETING_VERSION = 1.0;
				PRODUCT_BUNDLE_IDENTIFIER = com.my.MVPproject;
				PRODUCT_NAME = "$(TARGET_NAME)";
				SWIFT_EMIT_LOC_STRINGS = YES;
				SWIFT_VERSION = 5.0;
				TARGETED_DEVICE_FAMILY = "1,2";
			};
			name = Debug;
		};
		9529064D2701F6360039246C /* Release */ = {
			isa = XCBuildConfiguration;
			buildSettings = {
				ASSETCATALOG_COMPILER_APPICON_NAME = AppIcon;
				ASSETCATALOG_COMPILER_GLOBAL_ACCENT_COLOR_NAME = AccentColor;
				CODE_SIGN_STYLE = Automatic;
				CURRENT_PROJECT_VERSION = 1;
				DEVELOPMENT_TEAM = S6M9S4B5WH;
				GENERATE_INFOPLIST_FILE = YES;
				INFOPLIST_FILE = MVPproject/Info.plist;
				INFOPLIST_KEY_UIApplicationSupportsIndirectInputEvents = YES;
				INFOPLIST_KEY_UILaunchStoryboardName = LaunchScreen;
				INFOPLIST_KEY_UIMainStoryboardFile = Main;
				INFOPLIST_KEY_UISupportedInterfaceOrientations_iPad = "UIInterfaceOrientationPortrait UIInterfaceOrientationPortraitUpsideDown UIInterfaceOrientationLandscapeLeft UIInterfaceOrientationLandscapeRight";
				INFOPLIST_KEY_UISupportedInterfaceOrientations_iPhone = "UIInterfaceOrientationPortrait UIInterfaceOrientationLandscapeLeft UIInterfaceOrientationLandscapeRight";
				LD_RUNPATH_SEARCH_PATHS = (
					"$(inherited)",
					"@executable_path/Frameworks",
				);
				MARKETING_VERSION = 1.0;
				PRODUCT_BUNDLE_IDENTIFIER = com.my.MVPproject;
				PRODUCT_NAME = "$(TARGET_NAME)";
				SWIFT_EMIT_LOC_STRINGS = YES;
				SWIFT_VERSION = 5.0;
				TARGETED_DEVICE_FAMILY = "1,2";
			};
			name = Release;
		};
/* End XCBuildConfiguration section */

/* Begin XCConfigurationList section */
		952906322701F6310039246C /* Build configuration list for PBXProject "MVPproject" */ = {
			isa = XCConfigurationList;
			buildConfigurations = (
				952906492701F6360039246C /* Debug */,
				9529064A2701F6360039246C /* Release */,
			);
			defaultConfigurationIsVisible = 0;
			defaultConfigurationName = Release;
		};
		9529064B2701F6360039246C /* Build configuration list for PBXNativeTarget "MVPproject" */ = {
			isa = XCConfigurationList;
			buildConfigurations = (
				9529064C2701F6360039246C /* Debug */,
				9529064D2701F6360039246C /* Release */,
			);
			defaultConfigurationIsVisible = 0;
			defaultConfigurationName = Release;
		};
/* End XCConfigurationList section */
	};
	rootObject = 9529062F2701F6310039246C /* Project object */;
}
